// !$*UTF8*$!
{
	archiveVersion = 1;
	classes = {
	};
	objectVersion = 48;
	objects = {

/* Begin PBXBuildFile section */
		6F29FA621F8B790800683E08 /* AppDelegate.swift in Sources */ = {isa = PBXBuildFile; fileRef = 6F29FA611F8B790800683E08 /* AppDelegate.swift */; };
		6F29FA641F8B790800683E08 /* ViewController.swift in Sources */ = {isa = PBXBuildFile; fileRef = 6F29FA631F8B790800683E08 /* ViewController.swift */; };
		6F29FA671F8B790800683E08 /* Main.storyboard in Resources */ = {isa = PBXBuildFile; fileRef = 6F29FA651F8B790800683E08 /* Main.storyboard */; };
		6F29FA691F8B790800683E08 /* Assets.xcassets in Resources */ = {isa = PBXBuildFile; fileRef = 6F29FA681F8B790800683E08 /* Assets.xcassets */; };
		6F29FA6C1F8B790900683E08 /* LaunchScreen.storyboard in Resources */ = {isa = PBXBuildFile; fileRef = 6F29FA6A1F8B790900683E08 /* LaunchScreen.storyboard */; };
		6F29FA771F8B790900683E08 /* ETATests.swift in Sources */ = {isa = PBXBuildFile; fileRef = 6F29FA761F8B790900683E08 /* ETATests.swift */; };
		6F29FA821F8B790900683E08 /* ETAUITests.swift in Sources */ = {isa = PBXBuildFile; fileRef = 6F29FA811F8B790900683E08 /* ETAUITests.swift */; };
/* End PBXBuildFile section */

/* Begin PBXContainerItemProxy section */
		6F29FA731F8B790900683E08 /* PBXContainerItemProxy */ = {
			isa = PBXContainerItemProxy;
			containerPortal = 6F29FA561F8B790800683E08 /* Project object */;
			proxyType = 1;
			remoteGlobalIDString = 6F29FA5D1F8B790800683E08;
			remoteInfo = ETA;
		};
		6F29FA7E1F8B790900683E08 /* PBXContainerItemProxy */ = {
			isa = PBXContainerItemProxy;
			containerPortal = 6F29FA561F8B790800683E08 /* Project object */;
			proxyType = 1;
			remoteGlobalIDString = 6F29FA5D1F8B790800683E08;
			remoteInfo = ETA;
		};
/* End PBXContainerItemProxy section */

/* Begin PBXFileReference section */
		6F29FA5E1F8B790800683E08 /* ETA.app */ = {isa = PBXFileReference; explicitFileType = wrapper.application; includeInIndex = 0; path = ETA.app; sourceTree = BUILT_PRODUCTS_DIR; };
		6F29FA611F8B790800683E08 /* AppDelegate.swift */ = {isa = PBXFileReference; lastKnownFileType = sourcecode.swift; path = AppDelegate.swift; sourceTree = "<group>"; };
		6F29FA631F8B790800683E08 /* ViewController.swift */ = {isa = PBXFileReference; lastKnownFileType = sourcecode.swift; path = ViewController.swift; sourceTree = "<group>"; };
		6F29FA661F8B790800683E08 /* Base */ = {isa = PBXFileReference; lastKnownFileType = file.storyboard; name = Base; path = Base.lproj/Main.storyboard; sourceTree = "<group>"; };
		6F29FA681F8B790800683E08 /* Assets.xcassets */ = {isa = PBXFileReference; lastKnownFileType = folder.assetcatalog; path = Assets.xcassets; sourceTree = "<group>"; };
		6F29FA6B1F8B790900683E08 /* Base */ = {isa = PBXFileReference; lastKnownFileType = file.storyboard; name = Base; path = Base.lproj/LaunchScreen.storyboard; sourceTree = "<group>"; };
		6F29FA6D1F8B790900683E08 /* Info.plist */ = {isa = PBXFileReference; lastKnownFileType = text.plist.xml; path = Info.plist; sourceTree = "<group>"; };
		6F29FA721F8B790900683E08 /* ETATests.xctest */ = {isa = PBXFileReference; explicitFileType = wrapper.cfbundle; includeInIndex = 0; path = ETATests.xctest; sourceTree = BUILT_PRODUCTS_DIR; };
		6F29FA761F8B790900683E08 /* ETATests.swift */ = {isa = PBXFileReference; lastKnownFileType = sourcecode.swift; path = ETATests.swift; sourceTree = "<group>"; };
		6F29FA781F8B790900683E08 /* Info.plist */ = {isa = PBXFileReference; lastKnownFileType = text.plist.xml; path = Info.plist; sourceTree = "<group>"; };
		6F29FA7D1F8B790900683E08 /* ETAUITests.xctest */ = {isa = PBXFileReference; explicitFileType = wrapper.cfbundle; includeInIndex = 0; path = ETAUITests.xctest; sourceTree = BUILT_PRODUCTS_DIR; };
		6F29FA811F8B790900683E08 /* ETAUITests.swift */ = {isa = PBXFileReference; lastKnownFileType = sourcecode.swift; path = ETAUITests.swift; sourceTree = "<group>"; };
		6F29FA831F8B790900683E08 /* Info.plist */ = {isa = PBXFileReference; lastKnownFileType = text.plist.xml; path = Info.plist; sourceTree = "<group>"; };
/* End PBXFileReference section */

/* Begin PBXFrameworksBuildPhase section */
		6F29FA5B1F8B790800683E08 /* Frameworks */ = {
			isa = PBXFrameworksBuildPhase;
			buildActionMask = 2147483647;
			files = (
			);
			runOnlyForDeploymentPostprocessing = 0;
		};
		6F29FA6F1F8B790900683E08 /* Frameworks */ = {
			isa = PBXFrameworksBuildPhase;
			buildActionMask = 2147483647;
			files = (
			);
			runOnlyForDeploymentPostprocessing = 0;
		};
		6F29FA7A1F8B790900683E08 /* Frameworks */ = {
			isa = PBXFrameworksBuildPhase;
			buildActionMask = 2147483647;
			files = (
			);
			runOnlyForDeploymentPostprocessing = 0;
		};
/* End PBXFrameworksBuildPhase section */

/* Begin PBXGroup section */
		6F29FA551F8B790800683E08 = {
			isa = PBXGroup;
			children = (
				6F29FA601F8B790800683E08 /* ETA */,
				6F29FA751F8B790900683E08 /* ETATests */,
				6F29FA801F8B790900683E08 /* ETAUITests */,
				6F29FA5F1F8B790800683E08 /* Products */,
			);
			sourceTree = "<group>";
		};
		6F29FA5F1F8B790800683E08 /* Products */ = {
			isa = PBXGroup;
			children = (
				6F29FA5E1F8B790800683E08 /* ETA.app */,
				6F29FA721F8B790900683E08 /* ETATests.xctest */,
				6F29FA7D1F8B790900683E08 /* ETAUITests.xctest */,
			);
			name = Products;
			sourceTree = "<group>";
		};
		6F29FA601F8B790800683E08 /* ETA */ = {
			isa = PBXGroup;
			children = (
				6F29FA611F8B790800683E08 /* AppDelegate.swift */,
				6F29FA631F8B790800683E08 /* ViewController.swift */,
				6F29FA651F8B790800683E08 /* Main.storyboard */,
				6F29FA681F8B790800683E08 /* Assets.xcassets */,
				6F29FA6A1F8B790900683E08 /* LaunchScreen.storyboard */,
				6F29FA6D1F8B790900683E08 /* Info.plist */,
			);
			path = ETA;
			sourceTree = "<group>";
		};
		6F29FA751F8B790900683E08 /* ETATests */ = {
			isa = PBXGroup;
			children = (
				6F29FA761F8B790900683E08 /* ETATests.swift */,
				6F29FA781F8B790900683E08 /* Info.plist */,
			);
			path = ETATests;
			sourceTree = "<group>";
		};
		6F29FA801F8B790900683E08 /* ETAUITests */ = {
			isa = PBXGroup;
			children = (
				6F29FA811F8B790900683E08 /* ETAUITests.swift */,
				6F29FA831F8B790900683E08 /* Info.plist */,
			);
			path = ETAUITests;
			sourceTree = "<group>";
		};
/* End PBXGroup section */

/* Begin PBXNativeTarget section */
		6F29FA5D1F8B790800683E08 /* ETA */ = {
			isa = PBXNativeTarget;
			buildConfigurationList = 6F29FA861F8B790900683E08 /* Build configuration list for PBXNativeTarget "ETA" */;
			buildPhases = (
				6F29FA5A1F8B790800683E08 /* Sources */,
				6F29FA5B1F8B790800683E08 /* Frameworks */,
				6F29FA5C1F8B790800683E08 /* Resources */,
			);
			buildRules = (
			);
			dependencies = (
			);
			name = ETA;
			productName = ETA;
			productReference = 6F29FA5E1F8B790800683E08 /* ETA.app */;
			productType = "com.apple.product-type.application";
		};
		6F29FA711F8B790900683E08 /* ETATests */ = {
			isa = PBXNativeTarget;
			buildConfigurationList = 6F29FA891F8B790900683E08 /* Build configuration list for PBXNativeTarget "ETATests" */;
			buildPhases = (
				6F29FA6E1F8B790900683E08 /* Sources */,
				6F29FA6F1F8B790900683E08 /* Frameworks */,
				6F29FA701F8B790900683E08 /* Resources */,
			);
			buildRules = (
			);
			dependencies = (
				6F29FA741F8B790900683E08 /* PBXTargetDependency */,
			);
			name = ETATests;
			productName = ETATests;
			productReference = 6F29FA721F8B790900683E08 /* ETATests.xctest */;
			productType = "com.apple.product-type.bundle.unit-test";
		};
		6F29FA7C1F8B790900683E08 /* ETAUITests */ = {
			isa = PBXNativeTarget;
			buildConfigurationList = 6F29FA8C1F8B790900683E08 /* Build configuration list for PBXNativeTarget "ETAUITests" */;
			buildPhases = (
				6F29FA791F8B790900683E08 /* Sources */,
				6F29FA7A1F8B790900683E08 /* Frameworks */,
				6F29FA7B1F8B790900683E08 /* Resources */,
			);
			buildRules = (
			);
			dependencies = (
				6F29FA7F1F8B790900683E08 /* PBXTargetDependency */,
			);
			name = ETAUITests;
			productName = ETAUITests;
			productReference = 6F29FA7D1F8B790900683E08 /* ETAUITests.xctest */;
			productType = "com.apple.product-type.bundle.ui-testing";
		};
/* End PBXNativeTarget section */

/* Begin PBXProject section */
		6F29FA561F8B790800683E08 /* Project object */ = {
			isa = PBXProject;
			attributes = {
				LastSwiftUpdateCheck = 0900;
				LastUpgradeCheck = 0900;
				ORGANIZATIONNAME = "Pedro Remedios";
				TargetAttributes = {
					6F29FA5D1F8B790800683E08 = {
						CreatedOnToolsVersion = 9.0;
						ProvisioningStyle = Automatic;
					};
					6F29FA711F8B790900683E08 = {
						CreatedOnToolsVersion = 9.0;
						ProvisioningStyle = Automatic;
						TestTargetID = 6F29FA5D1F8B790800683E08;
					};
					6F29FA7C1F8B790900683E08 = {
						CreatedOnToolsVersion = 9.0;
						ProvisioningStyle = Automatic;
						TestTargetID = 6F29FA5D1F8B790800683E08;
					};
				};
			};
			buildConfigurationList = 6F29FA591F8B790800683E08 /* Build configuration list for PBXProject "ETA" */;
			compatibilityVersion = "Xcode 8.0";
			developmentRegion = en;
			hasScannedForEncodings = 0;
			knownRegions = (
				en,
				Base,
			);
			mainGroup = 6F29FA551F8B790800683E08;
			productRefGroup = 6F29FA5F1F8B790800683E08 /* Products */;
			projectDirPath = "";
			projectRoot = "";
			targets = (
				6F29FA5D1F8B790800683E08 /* ETA */,
				6F29FA711F8B790900683E08 /* ETATests */,
				6F29FA7C1F8B790900683E08 /* ETAUITests */,
			);
		};
/* End PBXProject section */

/* Begin PBXResourcesBuildPhase section */
		6F29FA5C1F8B790800683E08 /* Resources */ = {
			isa = PBXResourcesBuildPhase;
			buildActionMask = 2147483647;
			files = (
				6F29FA6C1F8B790900683E08 /* LaunchScreen.storyboard in Resources */,
				6F29FA691F8B790800683E08 /* Assets.xcassets in Resources */,
				6F29FA671F8B790800683E08 /* Main.storyboard in Resources */,
			);
			runOnlyForDeploymentPostprocessing = 0;
		};
		6F29FA701F8B790900683E08 /* Resources */ = {
			isa = PBXResourcesBuildPhase;
			buildActionMask = 2147483647;
			files = (
			);
			runOnlyForDeploymentPostprocessing = 0;
		};
		6F29FA7B1F8B790900683E08 /* Resources */ = {
			isa = PBXResourcesBuildPhase;
			buildActionMask = 2147483647;
			files = (
			);
			runOnlyForDeploymentPostprocessing = 0;
		};
/* End PBXResourcesBuildPhase section */

/* Begin PBXSourcesBuildPhase section */
		6F29FA5A1F8B790800683E08 /* Sources */ = {
			isa = PBXSourcesBuildPhase;
			buildActionMask = 2147483647;
			files = (
				6F29FA641F8B790800683E08 /* ViewController.swift in Sources */,
				6F29FA621F8B790800683E08 /* AppDelegate.swift in Sources */,
			);
			runOnlyForDeploymentPostprocessing = 0;
		};
		6F29FA6E1F8B790900683E08 /* Sources */ = {
			isa = PBXSourcesBuildPhase;
			buildActionMask = 2147483647;
			files = (
				6F29FA771F8B790900683E08 /* ETATests.swift in Sources */,
			);
			runOnlyForDeploymentPostprocessing = 0;
		};
		6F29FA791F8B790900683E08 /* Sources */ = {
			isa = PBXSourcesBuildPhase;
			buildActionMask = 2147483647;
			files = (
				6F29FA821F8B790900683E08 /* ETAUITests.swift in Sources */,
			);
			runOnlyForDeploymentPostprocessing = 0;
		};
/* End PBXSourcesBuildPhase section */

/* Begin PBXTargetDependency section */
		6F29FA741F8B790900683E08 /* PBXTargetDependency */ = {
			isa = PBXTargetDependency;
			target = 6F29FA5D1F8B790800683E08 /* ETA */;
			targetProxy = 6F29FA731F8B790900683E08 /* PBXContainerItemProxy */;
		};
		6F29FA7F1F8B790900683E08 /* PBXTargetDependency */ = {
			isa = PBXTargetDependency;
			target = 6F29FA5D1F8B790800683E08 /* ETA */;
			targetProxy = 6F29FA7E1F8B790900683E08 /* PBXContainerItemProxy */;
		};
/* End PBXTargetDependency section */

/* Begin PBXVariantGroup section */
		6F29FA651F8B790800683E08 /* Main.storyboard */ = {
			isa = PBXVariantGroup;
			children = (
				6F29FA661F8B790800683E08 /* Base */,
			);
			name = Main.storyboard;
			sourceTree = "<group>";
		};
		6F29FA6A1F8B790900683E08 /* LaunchScreen.storyboard */ = {
			isa = PBXVariantGroup;
			children = (
				6F29FA6B1F8B790900683E08 /* Base */,
			);
			name = LaunchScreen.storyboard;
			sourceTree = "<group>";
		};
/* End PBXVariantGroup section */

/* Begin XCBuildConfiguration section */
		6F29FA841F8B790900683E08 /* Debug */ = {
			isa = XCBuildConfiguration;
			buildSettings = {
				ALWAYS_SEARCH_USER_PATHS = NO;
				CLANG_ANALYZER_NONNULL = YES;
				CLANG_ANALYZER_NUMBER_OBJECT_CONVERSION = YES_AGGRESSIVE;
				CLANG_CXX_LANGUAGE_STANDARD = "gnu++14";
				CLANG_CXX_LIBRARY = "libc++";
				CLANG_ENABLE_MODULES = YES;
				CLANG_ENABLE_OBJC_ARC = YES;
				CLANG_WARN_BLOCK_CAPTURE_AUTORELEASING = YES;
				CLANG_WARN_BOOL_CONVERSION = YES;
				CLANG_WARN_COMMA = YES;
				CLANG_WARN_CONSTANT_CONVERSION = YES;
				CLANG_WARN_DIRECT_OBJC_ISA_USAGE = YES_ERROR;
				CLANG_WARN_DOCUMENTATION_COMMENTS = YES;
				CLANG_WARN_EMPTY_BODY = YES;
				CLANG_WARN_ENUM_CONVERSION = YES;
				CLANG_WARN_INFINITE_RECURSION = YES;
				CLANG_WARN_INT_CONVERSION = YES;
				CLANG_WARN_NON_LITERAL_NULL_CONVERSION = YES;
				CLANG_WARN_OBJC_LITERAL_CONVERSION = YES;
				CLANG_WARN_OBJC_ROOT_CLASS = YES_ERROR;
				CLANG_WARN_RANGE_LOOP_ANALYSIS = YES;
				CLANG_WARN_STRICT_PROTOTYPES = YES;
				CLANG_WARN_SUSPICIOUS_MOVE = YES;
				CLANG_WARN_UNGUARDED_AVAILABILITY = YES_AGGRESSIVE;
				CLANG_WARN_UNREACHABLE_CODE = YES;
				CLANG_WARN__DUPLICATE_METHOD_MATCH = YES;
				CODE_SIGN_IDENTITY = "iPhone Developer";
				COPY_PHASE_STRIP = NO;
				DEBUG_INFORMATION_FORMAT = dwarf;
				ENABLE_STRICT_OBJC_MSGSEND = YES;
				ENABLE_TESTABILITY = YES;
				GCC_C_LANGUAGE_STANDARD = gnu11;
				GCC_DYNAMIC_NO_PIC = NO;
				GCC_NO_COMMON_BLOCKS = YES;
				GCC_OPTIMIZATION_LEVEL = 0;
				GCC_PREPROCESSOR_DEFINITIONS = (
					"DEBUG=1",
					"$(inherited)",
				);
				GCC_WARN_64_TO_32_BIT_CONVERSION = YES;
				GCC_WARN_ABOUT_RETURN_TYPE = YES_ERROR;
				GCC_WARN_UNDECLARED_SELECTOR = YES;
				GCC_WARN_UNINITIALIZED_AUTOS = YES_AGGRESSIVE;
				GCC_WARN_UNUSED_FUNCTION = YES;
				GCC_WARN_UNUSED_VARIABLE = YES;
				IPHONEOS_DEPLOYMENT_TARGET = 11.0;
				MTL_ENABLE_DEBUG_INFO = YES;
				ONLY_ACTIVE_ARCH = YES;
				SDKROOT = iphoneos;
				SWIFT_ACTIVE_COMPILATION_CONDITIONS = DEBUG;
				SWIFT_OPTIMIZATION_LEVEL = "-Onone";
			};
			name = Debug;
		};
		6F29FA851F8B790900683E08 /* Release */ = {
			isa = XCBuildConfiguration;
			buildSettings = {
				ALWAYS_SEARCH_USER_PATHS = NO;
				CLANG_ANALYZER_NONNULL = YES;
				CLANG_ANALYZER_NUMBER_OBJECT_CONVERSION = YES_AGGRESSIVE;
				CLANG_CXX_LANGUAGE_STANDARD = "gnu++14";
				CLANG_CXX_LIBRARY = "libc++";
				CLANG_ENABLE_MODULES = YES;
				CLANG_ENABLE_OBJC_ARC = YES;
				CLANG_WARN_BLOCK_CAPTURE_AUTORELEASING = YES;
				CLANG_WARN_BOOL_CONVERSION = YES;
				CLANG_WARN_COMMA = YES;
				CLANG_WARN_CONSTANT_CONVERSION = YES;
				CLANG_WARN_DIRECT_OBJC_ISA_USAGE = YES_ERROR;
				CLANG_WARN_DOCUMENTATION_COMMENTS = YES;
				CLANG_WARN_EMPTY_BODY = YES;
				CLANG_WARN_ENUM_CONVERSION = YES;
				CLANG_WARN_INFINITE_RECURSION = YES;
				CLANG_WARN_INT_CONVERSION = YES;
				CLANG_WARN_NON_LITERAL_NULL_CONVERSION = YES;
				CLANG_WARN_OBJC_LITERAL_CONVERSION = YES;
				CLANG_WARN_OBJC_ROOT_CLASS = YES_ERROR;
				CLANG_WARN_RANGE_LOOP_ANALYSIS = YES;
				CLANG_WARN_STRICT_PROTOTYPES = YES;
				CLANG_WARN_SUSPICIOUS_MOVE = YES;
				CLANG_WARN_UNGUARDED_AVAILABILITY = YES_AGGRESSIVE;
				CLANG_WARN_UNREACHABLE_CODE = YES;
				CLANG_WARN__DUPLICATE_METHOD_MATCH = YES;
				CODE_SIGN_IDENTITY = "iPhone Developer";
				COPY_PHASE_STRIP = NO;
				DEBUG_INFORMATION_FORMAT = "dwarf-with-dsym";
				ENABLE_NS_ASSERTIONS = NO;
				ENABLE_STRICT_OBJC_MSGSEND = YES;
				GCC_C_LANGUAGE_STANDARD = gnu11;
				GCC_NO_COMMON_BLOCKS = YES;
				GCC_WARN_64_TO_32_BIT_CONVERSION = YES;
				GCC_WARN_ABOUT_RETURN_TYPE = YES_ERROR;
				GCC_WARN_UNDECLARED_SELECTOR = YES;
				GCC_WARN_UNINITIALIZED_AUTOS = YES_AGGRESSIVE;
				GCC_WARN_UNUSED_FUNCTION = YES;
				GCC_WARN_UNUSED_VARIABLE = YES;
				IPHONEOS_DEPLOYMENT_TARGET = 11.0;
				MTL_ENABLE_DEBUG_INFO = NO;
				SDKROOT = iphoneos;
				SWIFT_OPTIMIZATION_LEVEL = "-Owholemodule";
				VALIDATE_PRODUCT = YES;
			};
			name = Release;
		};
		6F29FA871F8B790900683E08 /* Debug */ = {
			isa = XCBuildConfiguration;
			buildSettings = {
				ASSETCATALOG_COMPILER_APPICON_NAME = AppIcon;
				CODE_SIGN_STYLE = Automatic;
				DEVELOPMENT_TEAM = N2NF9KW4Q2;
				INFOPLIST_FILE = ETA/Info.plist;
				LD_RUNPATH_SEARCH_PATHS = "$(inherited) @executable_path/Frameworks";
				PRODUCT_BUNDLE_IDENTIFIER = com.pedroremedios.ETA;
				PRODUCT_NAME = "$(TARGET_NAME)";
				SWIFT_VERSION = 4.0;
				TARGETED_DEVICE_FAMILY = "1,2";
			};
			name = Debug;
		};
		6F29FA881F8B790900683E08 /* Release */ = {
			isa = XCBuildConfiguration;
			buildSettings = {
				ASSETCATALOG_COMPILER_APPICON_NAME = AppIcon;
				CODE_SIGN_STYLE = Automatic;
				DEVELOPMENT_TEAM = N2NF9KW4Q2;
				INFOPLIST_FILE = ETA/Info.plist;
				LD_RUNPATH_SEARCH_PATHS = "$(inherited) @executable_path/Frameworks";
				PRODUCT_BUNDLE_IDENTIFIER = com.pedroremedios.ETA;
				PRODUCT_NAME = "$(TARGET_NAME)";
				SWIFT_VERSION = 4.0;
				TARGETED_DEVICE_FAMILY = "1,2";
			};
			name = Release;
		};
		6F29FA8A1F8B790900683E08 /* Debug */ = {
			isa = XCBuildConfiguration;
			buildSettings = {
				ALWAYS_EMBED_SWIFT_STANDARD_LIBRARIES = YES;
				BUNDLE_LOADER = "$(TEST_HOST)";
				CODE_SIGN_STYLE = Automatic;
				DEVELOPMENT_TEAM = N2NF9KW4Q2;
				INFOPLIST_FILE = ETATests/Info.plist;
				LD_RUNPATH_SEARCH_PATHS = "$(inherited) @executable_path/Frameworks @loader_path/Frameworks";
				PRODUCT_BUNDLE_IDENTIFIER = com.pedroremedios.ETATests;
				PRODUCT_NAME = "$(TARGET_NAME)";
				SWIFT_VERSION = 4.0;
				TARGETED_DEVICE_FAMILY = "1,2";
				TEST_HOST = "$(BUILT_PRODUCTS_DIR)/ETA.app/ETA";
			};
			name = Debug;
		};
		6F29FA8B1F8B790900683E08 /* Release */ = {
			isa = XCBuildConfiguration;
			buildSettings = {
				ALWAYS_EMBED_SWIFT_STANDARD_LIBRARIES = YES;
				BUNDLE_LOADER = "$(TEST_HOST)";
				CODE_SIGN_STYLE = Automatic;
				DEVELOPMENT_TEAM = N2NF9KW4Q2;
				INFOPLIST_FILE = ETATests/Info.plist;
				LD_RUNPATH_SEARCH_PATHS = "$(inherited) @executable_path/Frameworks @loader_path/Frameworks";
				PRODUCT_BUNDLE_IDENTIFIER = com.pedroremedios.ETATests;
				PRODUCT_NAME = "$(TARGET_NAME)";
				SWIFT_VERSION = 4.0;
				TARGETED_DEVICE_FAMILY = "1,2";
				TEST_HOST = "$(BUILT_PRODUCTS_DIR)/ETA.app/ETA";
			};
			name = Release;
		};
		6F29FA8D1F8B790900683E08 /* Debug */ = {
			isa = XCBuildConfiguration;
			buildSettings = {
				ALWAYS_EMBED_SWIFT_STANDARD_LIBRARIES = YES;
				CODE_SIGN_STYLE = Automatic;
				DEVELOPMENT_TEAM = N2NF9KW4Q2;
				INFOPLIST_FILE = ETAUITests/Info.plist;
				LD_RUNPATH_SEARCH_PATHS = "$(inherited) @executable_path/Frameworks @loader_path/Frameworks";
				PRODUCT_BUNDLE_IDENTIFIER = com.pedroremedios.ETAUITests;
				PRODUCT_NAME = "$(TARGET_NAME)";
				SWIFT_VERSION = 4.0;
				TARGETED_DEVICE_FAMILY = "1,2";
				TEST_TARGET_NAME = ETA;
			};
			name = Debug;
		};
		6F29FA8E1F8B790900683E08 /* Release */ = {
			isa = XCBuildConfiguration;
			buildSettings = {
				ALWAYS_EMBED_SWIFT_STANDARD_LIBRARIES = YES;
				CODE_SIGN_STYLE = Automatic;
				DEVELOPMENT_TEAM = N2NF9KW4Q2;
				INFOPLIST_FILE = ETAUITests/Info.plist;
				LD_RUNPATH_SEARCH_PATHS = "$(inherited) @executable_path/Frameworks @loader_path/Frameworks";
				PRODUCT_BUNDLE_IDENTIFIER = com.pedroremedios.ETAUITests;
				PRODUCT_NAME = "$(TARGET_NAME)";
				SWIFT_VERSION = 4.0;
				TARGETED_DEVICE_FAMILY = "1,2";
				TEST_TARGET_NAME = ETA;
			};
			name = Release;
		};
/* End XCBuildConfiguration section */

/* Begin XCConfigurationList section */
		6F29FA591F8B790800683E08 /* Build configuration list for PBXProject "ETA" */ = {
			isa = XCConfigurationList;
			buildConfigurations = (
				6F29FA841F8B790900683E08 /* Debug */,
				6F29FA851F8B790900683E08 /* Release */,
			);
			defaultConfigurationIsVisible = 0;
			defaultConfigurationName = Release;
		};
		6F29FA861F8B790900683E08 /* Build configuration list for PBXNativeTarget "ETA" */ = {
			isa = XCConfigurationList;
			buildConfigurations = (
				6F29FA871F8B790900683E08 /* Debug */,
				6F29FA881F8B790900683E08 /* Release */,
			);
			defaultConfigurationIsVisible = 0;
			defaultConfigurationName = Release;
		};
		6F29FA891F8B790900683E08 /* Build configuration list for PBXNativeTarget "ETATests" */ = {
			isa = XCConfigurationList;
			buildConfigurations = (
				6F29FA8A1F8B790900683E08 /* Debug */,
				6F29FA8B1F8B790900683E08 /* Release */,
			);
			defaultConfigurationIsVisible = 0;
			defaultConfigurationName = Release;
		};
		6F29FA8C1F8B790900683E08 /* Build configuration list for PBXNativeTarget "ETAUITests" */ = {
			isa = XCConfigurationList;
			buildConfigurations = (
				6F29FA8D1F8B790900683E08 /* Debug */,
				6F29FA8E1F8B790900683E08 /* Release */,
			);
			defaultConfigurationIsVisible = 0;
			defaultConfigurationName = Release;
		};
/* End XCConfigurationList section */
	};
	rootObject = 6F29FA561F8B790800683E08 /* Project object */;
}
