// !$*UTF8*$!
{
	archiveVersion = 1;
	classes = {
	};
	objectVersion = 48;
	objects = {

/* Begin PBXBuildFile section */
		4407B52FC5C4189F26CBC6E2 /* MainCollectionViewDataSource.swift in Sources */ = {isa = PBXBuildFile; fileRef = 4407BFD4EBF90D040F5B8BB8 /* MainCollectionViewDataSource.swift */; };
		4407BB999678CA81DE1CB92A /* MainCollectionViewDelegate.swift in Sources */ = {isa = PBXBuildFile; fileRef = 4407B1F2E04DB9FEB3F7B09D /* MainCollectionViewDelegate.swift */; };
		6F0BF4C31FDC6DAB007DB170 /* BusStopViewModel.swift in Sources */ = {isa = PBXBuildFile; fileRef = 6F0BF4C21FDC6DAB007DB170 /* BusStopViewModel.swift */; };
		6F0BF4C51FDC985B007DB170 /* BusStopCollectionViewCell.swift in Sources */ = {isa = PBXBuildFile; fileRef = 6F0BF4C41FDC985B007DB170 /* BusStopCollectionViewCell.swift */; };
		6F12B7CE1FEE93600083E316 /* SearchResultsController.swift in Sources */ = {isa = PBXBuildFile; fileRef = 6F12B7CD1FEE935F0083E316 /* SearchResultsController.swift */; };
		6F18214D1FCC15E3009B18AF /* AppDelegate.swift in Sources */ = {isa = PBXBuildFile; fileRef = 6F18214C1FCC15E3009B18AF /* AppDelegate.swift */; };
		6F29FA691F8B790800683E08 /* Assets.xcassets in Resources */ = {isa = PBXBuildFile; fileRef = 6F29FA681F8B790800683E08 /* Assets.xcassets */; };
		6F29FA771F8B790900683E08 /* ETATests.swift in Sources */ = {isa = PBXBuildFile; fileRef = 6F29FA761F8B790900683E08 /* ETATests.swift */; };
		6F29FA821F8B790900683E08 /* ETAUITests.swift in Sources */ = {isa = PBXBuildFile; fileRef = 6F29FA811F8B790900683E08 /* ETAUITests.swift */; };
		6F46B7EF1FD747A900822D7F /* UIView+Utilites.swift in Sources */ = {isa = PBXBuildFile; fileRef = 6F46B7EE1FD747A900822D7F /* UIView+Utilites.swift */; };
		6F57BB141FD0B0A600614F76 /* UIColor+Utilities.swift in Sources */ = {isa = PBXBuildFile; fileRef = 6F57BB131FD0B0A600614F76 /* UIColor+Utilities.swift */; };
		6F57BB161FD0C23200614F76 /* UIColor+AppColors.swift in Sources */ = {isa = PBXBuildFile; fileRef = 6F57BB151FD0C23200614F76 /* UIColor+AppColors.swift */; };
		6F60E3621F8F68070065A168 /* Storage.swift in Sources */ = {isa = PBXBuildFile; fileRef = 6F60E3611F8F68060065A168 /* Storage.swift */; };
		6F627B011FE5ED110054082A /* Localizable.strings in Resources */ = {isa = PBXBuildFile; fileRef = 6F627AFF1FE5ED100054082A /* Localizable.strings */; };
		6F89E09C201D32DA00913D9C /* .travis.yml in Resources */ = {isa = PBXBuildFile; fileRef = 6F89E09B201D32D900913D9C /* .travis.yml */; };
		6FA435111FDD9332006C4CCE /* BusStopsSectionHeaderReusableView.swift in Sources */ = {isa = PBXBuildFile; fileRef = 6FA435101FDD9332006C4CCE /* BusStopsSectionHeaderReusableView.swift */; };
		6FAAF8601F8CD4D90039F007 /* stops.csv in Resources */ = {isa = PBXBuildFile; fileRef = 6FAAF85F1F8CD4D90039F007 /* stops.csv */; };
		6FBBCE981F8D79E100108DAB /* MainViewController.swift in Sources */ = {isa = PBXBuildFile; fileRef = 6FBBCE961F8D79E100108DAB /* MainViewController.swift */; };
		6FBBCE9D1F8D7A4600108DAB /* BusNumberCollectionViewCell.swift in Sources */ = {isa = PBXBuildFile; fileRef = 6FBBCE9C1F8D7A4600108DAB /* BusNumberCollectionViewCell.swift */; };
		6FD3E3DA1FF5283A00EB844A /* ETA.xcdatamodeld in Sources */ = {isa = PBXBuildFile; fileRef = 6FD3E3D81FF5283A00EB844A /* ETA.xcdatamodeld */; };
		6FDA0C391FCDB9910000DE56 /* BusNumberViewModel.swift in Sources */ = {isa = PBXBuildFile; fileRef = 6FDA0C381FCDB9900000DE56 /* BusNumberViewModel.swift */; };
		6FDD5E331FCAEC4C00DA3B30 /* CoreDataManager.swift in Sources */ = {isa = PBXBuildFile; fileRef = 6FDD5E321FCAEC4C00DA3B30 /* CoreDataManager.swift */; };
		6FDD5E4A1FCB67DB00DA3B30 /* ETA.sqlite in Resources */ = {isa = PBXBuildFile; fileRef = 6FDD5E421FCB627900DA3B30 /* ETA.sqlite */; };
		6FE265791FE57BC800DD5F63 /* MarqueeLabelSwift.framework in Frameworks */ = {isa = PBXBuildFile; fileRef = 6FE265781FE57BC800DD5F63 /* MarqueeLabelSwift.framework */; };
		6FE2657B1FE57BD400DD5F63 /* NotificationBanner.framework in Frameworks */ = {isa = PBXBuildFile; fileRef = 6FE2657A1FE57BD400DD5F63 /* NotificationBanner.framework */; };
		6FE2657D1FE57BDC00DD5F63 /* SnapKit.framework in Frameworks */ = {isa = PBXBuildFile; fileRef = 6FE2657C1FE57BDC00DD5F63 /* SnapKit.framework */; };
		6FEA6CFE1FDAF3E000F212AB /* Vision-Thin italic.otf in Resources */ = {isa = PBXBuildFile; fileRef = 6FEA6CF21FDAF3D700F212AB /* Vision-Thin italic.otf */; };
		6FEA6CFF1FDAF3E000F212AB /* Vision-Thin.otf in Resources */ = {isa = PBXBuildFile; fileRef = 6FEA6CF31FDAF3D800F212AB /* Vision-Thin.otf */; };
		6FEA6D001FDAF3E000F212AB /* Vision-Black italic.otf in Resources */ = {isa = PBXBuildFile; fileRef = 6FEA6CF41FDAF3D900F212AB /* Vision-Black italic.otf */; };
		6FEA6D011FDAF3E000F212AB /* Vision-HeavyItalic.otf in Resources */ = {isa = PBXBuildFile; fileRef = 6FEA6CF51FDAF3DA00F212AB /* Vision-HeavyItalic.otf */; };
		6FEA6D021FDAF3E000F212AB /* Vision.otf in Resources */ = {isa = PBXBuildFile; fileRef = 6FEA6CF61FDAF3DA00F212AB /* Vision.otf */; };
		6FEA6D031FDAF3E000F212AB /* Vision-Light.otf in Resources */ = {isa = PBXBuildFile; fileRef = 6FEA6CF71FDAF3DB00F212AB /* Vision-Light.otf */; };
		6FEA6D041FDAF3E000F212AB /* Vision-Heavy.otf in Resources */ = {isa = PBXBuildFile; fileRef = 6FEA6CF81FDAF3DC00F212AB /* Vision-Heavy.otf */; };
		6FEA6D051FDAF3E000F212AB /* Vision-LightItalic.otf in Resources */ = {isa = PBXBuildFile; fileRef = 6FEA6CF91FDAF3DD00F212AB /* Vision-LightItalic.otf */; };
		6FEA6D061FDAF3E000F212AB /* Vision-Regular italic.otf in Resources */ = {isa = PBXBuildFile; fileRef = 6FEA6CFA1FDAF3DD00F212AB /* Vision-Regular italic.otf */; };
		6FEA6D071FDAF3E000F212AB /* Vision-Bold.otf in Resources */ = {isa = PBXBuildFile; fileRef = 6FEA6CFB1FDAF3DE00F212AB /* Vision-Bold.otf */; };
		6FEA6D081FDAF3E000F212AB /* Vision-BoldItalic.otf in Resources */ = {isa = PBXBuildFile; fileRef = 6FEA6CFC1FDAF3DF00F212AB /* Vision-BoldItalic.otf */; };
		6FEA6D091FDAF3E000F212AB /* Vision-Black.otf in Resources */ = {isa = PBXBuildFile; fileRef = 6FEA6CFD1FDAF3DF00F212AB /* Vision-Black.otf */; };
		6FEA6D0B1FDAF9B500F212AB /* UIFont+CustomFonts.swift in Sources */ = {isa = PBXBuildFile; fileRef = 6FEA6D0A1FDAF9B400F212AB /* UIFont+CustomFonts.swift */; };
		6FEA6D0D1FDB01A500F212AB /* BusStopsViewController.swift in Sources */ = {isa = PBXBuildFile; fileRef = 6FEA6D0C1FDB01A500F212AB /* BusStopsViewController.swift */; };
/* End PBXBuildFile section */

/* Begin PBXContainerItemProxy section */
		6F29FA731F8B790900683E08 /* PBXContainerItemProxy */ = {
			isa = PBXContainerItemProxy;
			containerPortal = 6F29FA561F8B790800683E08 /* Project object */;
			proxyType = 1;
			remoteGlobalIDString = 6F29FA5D1F8B790800683E08;
			remoteInfo = ETA;
		};
		6F29FA7E1F8B790900683E08 /* PBXContainerItemProxy */ = {
			isa = PBXContainerItemProxy;
			containerPortal = 6F29FA561F8B790800683E08 /* Project object */;
			proxyType = 1;
			remoteGlobalIDString = 6F29FA5D1F8B790800683E08;
			remoteInfo = ETA;
		};
/* End PBXContainerItemProxy section */

/* Begin PBXCopyFilesBuildPhase section */
		6FDD5E461FCB670A00DA3B30 /* CopyFiles */ = {
			isa = PBXCopyFilesBuildPhase;
			buildActionMask = 12;
			dstPath = "";
			dstSubfolderSpec = 7;
			files = (
			);
			runOnlyForDeploymentPostprocessing = 0;
		};
/* End PBXCopyFilesBuildPhase section */

/* Begin PBXFileReference section */
		4407B1F2E04DB9FEB3F7B09D /* MainCollectionViewDelegate.swift */ = {isa = PBXFileReference; fileEncoding = 4; lastKnownFileType = sourcecode.swift; path = MainCollectionViewDelegate.swift; sourceTree = "<group>"; };
		4407BFD4EBF90D040F5B8BB8 /* MainCollectionViewDataSource.swift */ = {isa = PBXFileReference; fileEncoding = 4; lastKnownFileType = sourcecode.swift; path = MainCollectionViewDataSource.swift; sourceTree = "<group>"; };
		6F0BF4C21FDC6DAB007DB170 /* BusStopViewModel.swift */ = {isa = PBXFileReference; lastKnownFileType = sourcecode.swift; path = BusStopViewModel.swift; sourceTree = "<group>"; };
		6F0BF4C41FDC985B007DB170 /* BusStopCollectionViewCell.swift */ = {isa = PBXFileReference; lastKnownFileType = sourcecode.swift; path = BusStopCollectionViewCell.swift; sourceTree = "<group>"; };
		6F12B7CD1FEE935F0083E316 /* SearchResultsController.swift */ = {isa = PBXFileReference; lastKnownFileType = sourcecode.swift; path = SearchResultsController.swift; sourceTree = "<group>"; };
		6F18214C1FCC15E3009B18AF /* AppDelegate.swift */ = {isa = PBXFileReference; lastKnownFileType = sourcecode.swift; path = AppDelegate.swift; sourceTree = "<group>"; };
		6F29FA5E1F8B790800683E08 /* ETA.app */ = {isa = PBXFileReference; explicitFileType = wrapper.application; includeInIndex = 0; path = ETA.app; sourceTree = BUILT_PRODUCTS_DIR; };
		6F29FA681F8B790800683E08 /* Assets.xcassets */ = {isa = PBXFileReference; lastKnownFileType = folder.assetcatalog; path = Assets.xcassets; sourceTree = "<group>"; };
		6F29FA6D1F8B790900683E08 /* Info.plist */ = {isa = PBXFileReference; lastKnownFileType = text.plist.xml; path = Info.plist; sourceTree = "<group>"; };
		6F29FA721F8B790900683E08 /* ETATests.xctest */ = {isa = PBXFileReference; explicitFileType = wrapper.cfbundle; includeInIndex = 0; path = ETATests.xctest; sourceTree = BUILT_PRODUCTS_DIR; };
		6F29FA761F8B790900683E08 /* ETATests.swift */ = {isa = PBXFileReference; lastKnownFileType = sourcecode.swift; path = ETATests.swift; sourceTree = "<group>"; };
		6F29FA781F8B790900683E08 /* Info.plist */ = {isa = PBXFileReference; lastKnownFileType = text.plist.xml; path = Info.plist; sourceTree = "<group>"; };
		6F29FA7D1F8B790900683E08 /* ETAUITests.xctest */ = {isa = PBXFileReference; explicitFileType = wrapper.cfbundle; includeInIndex = 0; path = ETAUITests.xctest; sourceTree = BUILT_PRODUCTS_DIR; };
		6F29FA811F8B790900683E08 /* ETAUITests.swift */ = {isa = PBXFileReference; lastKnownFileType = sourcecode.swift; path = ETAUITests.swift; sourceTree = "<group>"; };
		6F29FA831F8B790900683E08 /* Info.plist */ = {isa = PBXFileReference; lastKnownFileType = text.plist.xml; path = Info.plist; sourceTree = "<group>"; };
		6F46B7EE1FD747A900822D7F /* UIView+Utilites.swift */ = {isa = PBXFileReference; lastKnownFileType = sourcecode.swift; path = "UIView+Utilites.swift"; sourceTree = "<group>"; };
		6F57BB131FD0B0A600614F76 /* UIColor+Utilities.swift */ = {isa = PBXFileReference; lastKnownFileType = sourcecode.swift; path = "UIColor+Utilities.swift"; sourceTree = "<group>"; };
		6F57BB151FD0C23200614F76 /* UIColor+AppColors.swift */ = {isa = PBXFileReference; lastKnownFileType = sourcecode.swift; path = "UIColor+AppColors.swift"; sourceTree = "<group>"; };
		6F60E3611F8F68060065A168 /* Storage.swift */ = {isa = PBXFileReference; fileEncoding = 4; lastKnownFileType = sourcecode.swift; path = Storage.swift; sourceTree = "<group>"; };
		6F627B021FE5ED200054082A /* en */ = {isa = PBXFileReference; lastKnownFileType = text.plist.strings; name = en; path = en.lproj/Localizable.strings; sourceTree = "<group>"; };
		6F627B031FE5ED4E0054082A /* pt-PT */ = {isa = PBXFileReference; lastKnownFileType = text.plist.strings; name = "pt-PT"; path = "pt-PT.lproj/Localizable.strings"; sourceTree = "<group>"; };
		6F627B041FE5ED550054082A /* pt-BR */ = {isa = PBXFileReference; lastKnownFileType = text.plist.strings; name = "pt-BR"; path = "pt-BR.lproj/Localizable.strings"; sourceTree = "<group>"; };
		6F89E09B201D32D900913D9C /* .travis.yml */ = {isa = PBXFileReference; lastKnownFileType = text; path = .travis.yml; sourceTree = "<group>"; };
		6FA435101FDD9332006C4CCE /* BusStopsSectionHeaderReusableView.swift */ = {isa = PBXFileReference; lastKnownFileType = sourcecode.swift; path = BusStopsSectionHeaderReusableView.swift; sourceTree = "<group>"; };
		6FAAF85F1F8CD4D90039F007 /* stops.csv */ = {isa = PBXFileReference; fileEncoding = 4; lastKnownFileType = text; path = stops.csv; sourceTree = "<group>"; };
		6FBBCE961F8D79E100108DAB /* MainViewController.swift */ = {isa = PBXFileReference; fileEncoding = 4; lastKnownFileType = sourcecode.swift; path = MainViewController.swift; sourceTree = "<group>"; };
		6FBBCE9C1F8D7A4600108DAB /* BusNumberCollectionViewCell.swift */ = {isa = PBXFileReference; fileEncoding = 4; lastKnownFileType = sourcecode.swift; path = BusNumberCollectionViewCell.swift; sourceTree = "<group>"; };
		6FD3E3D91FF5283A00EB844A /* ETA.xcdatamodel */ = {isa = PBXFileReference; lastKnownFileType = wrapper.xcdatamodel; path = ETA.xcdatamodel; sourceTree = "<group>"; };
		6FDA0C381FCDB9900000DE56 /* BusNumberViewModel.swift */ = {isa = PBXFileReference; lastKnownFileType = sourcecode.swift; path = BusNumberViewModel.swift; sourceTree = "<group>"; };
		6FDD5E321FCAEC4C00DA3B30 /* CoreDataManager.swift */ = {isa = PBXFileReference; fileEncoding = 4; lastKnownFileType = sourcecode.swift; path = CoreDataManager.swift; sourceTree = "<group>"; };
		6FDD5E421FCB627900DA3B30 /* ETA.sqlite */ = {isa = PBXFileReference; lastKnownFileType = file; name = ETA.sqlite; path = "../../Library/Application Support/ETACoreDataImport/ETA.sqlite"; sourceTree = "<group>"; };
		6FE265781FE57BC800DD5F63 /* MarqueeLabelSwift.framework */ = {isa = PBXFileReference; lastKnownFileType = wrapper.framework; name = MarqueeLabelSwift.framework; path = ../Carthage/Build/iOS/MarqueeLabelSwift.framework; sourceTree = "<group>"; };
		6FE2657A1FE57BD400DD5F63 /* NotificationBanner.framework */ = {isa = PBXFileReference; lastKnownFileType = wrapper.framework; name = NotificationBanner.framework; path = ../Carthage/Build/iOS/NotificationBanner.framework; sourceTree = "<group>"; };
		6FE2657C1FE57BDC00DD5F63 /* SnapKit.framework */ = {isa = PBXFileReference; lastKnownFileType = wrapper.framework; name = SnapKit.framework; path = ../Carthage/Build/iOS/SnapKit.framework; sourceTree = "<group>"; };
		6FEA6CF21FDAF3D700F212AB /* Vision-Thin italic.otf */ = {isa = PBXFileReference; lastKnownFileType = file; path = "Vision-Thin italic.otf"; sourceTree = "<group>"; };
		6FEA6CF31FDAF3D800F212AB /* Vision-Thin.otf */ = {isa = PBXFileReference; lastKnownFileType = file; path = "Vision-Thin.otf"; sourceTree = "<group>"; };
		6FEA6CF41FDAF3D900F212AB /* Vision-Black italic.otf */ = {isa = PBXFileReference; lastKnownFileType = file; path = "Vision-Black italic.otf"; sourceTree = "<group>"; };
		6FEA6CF51FDAF3DA00F212AB /* Vision-HeavyItalic.otf */ = {isa = PBXFileReference; lastKnownFileType = file; path = "Vision-HeavyItalic.otf"; sourceTree = "<group>"; };
		6FEA6CF61FDAF3DA00F212AB /* Vision.otf */ = {isa = PBXFileReference; lastKnownFileType = file; path = Vision.otf; sourceTree = "<group>"; };
		6FEA6CF71FDAF3DB00F212AB /* Vision-Light.otf */ = {isa = PBXFileReference; lastKnownFileType = file; path = "Vision-Light.otf"; sourceTree = "<group>"; };
		6FEA6CF81FDAF3DC00F212AB /* Vision-Heavy.otf */ = {isa = PBXFileReference; lastKnownFileType = file; path = "Vision-Heavy.otf"; sourceTree = "<group>"; };
		6FEA6CF91FDAF3DD00F212AB /* Vision-LightItalic.otf */ = {isa = PBXFileReference; lastKnownFileType = file; path = "Vision-LightItalic.otf"; sourceTree = "<group>"; };
		6FEA6CFA1FDAF3DD00F212AB /* Vision-Regular italic.otf */ = {isa = PBXFileReference; lastKnownFileType = file; path = "Vision-Regular italic.otf"; sourceTree = "<group>"; };
		6FEA6CFB1FDAF3DE00F212AB /* Vision-Bold.otf */ = {isa = PBXFileReference; lastKnownFileType = file; path = "Vision-Bold.otf"; sourceTree = "<group>"; };
		6FEA6CFC1FDAF3DF00F212AB /* Vision-BoldItalic.otf */ = {isa = PBXFileReference; lastKnownFileType = file; path = "Vision-BoldItalic.otf"; sourceTree = "<group>"; };
		6FEA6CFD1FDAF3DF00F212AB /* Vision-Black.otf */ = {isa = PBXFileReference; lastKnownFileType = file; path = "Vision-Black.otf"; sourceTree = "<group>"; };
		6FEA6D0A1FDAF9B400F212AB /* UIFont+CustomFonts.swift */ = {isa = PBXFileReference; lastKnownFileType = sourcecode.swift; path = "UIFont+CustomFonts.swift"; sourceTree = "<group>"; };
		6FEA6D0C1FDB01A500F212AB /* BusStopsViewController.swift */ = {isa = PBXFileReference; lastKnownFileType = sourcecode.swift; path = BusStopsViewController.swift; sourceTree = "<group>"; };
/* End PBXFileReference section */

/* Begin PBXFrameworksBuildPhase section */
		6F29FA5B1F8B790800683E08 /* Frameworks */ = {
			isa = PBXFrameworksBuildPhase;
			buildActionMask = 2147483647;
			files = (
				6FE2657D1FE57BDC00DD5F63 /* SnapKit.framework in Frameworks */,
				6FE265791FE57BC800DD5F63 /* MarqueeLabelSwift.framework in Frameworks */,
				6FE2657B1FE57BD400DD5F63 /* NotificationBanner.framework in Frameworks */,
			);
			runOnlyForDeploymentPostprocessing = 0;
		};
		6F29FA6F1F8B790900683E08 /* Frameworks */ = {
			isa = PBXFrameworksBuildPhase;
			buildActionMask = 2147483647;
			files = (
			);
			runOnlyForDeploymentPostprocessing = 0;
		};
		6F29FA7A1F8B790900683E08 /* Frameworks */ = {
			isa = PBXFrameworksBuildPhase;
			buildActionMask = 2147483647;
			files = (
			);
			runOnlyForDeploymentPostprocessing = 0;
		};
/* End PBXFrameworksBuildPhase section */

/* Begin PBXGroup section */
		4407B472E156BB2F94A81209 /* Helpers */ = {
			isa = PBXGroup;
			children = (
				4407BFD4EBF90D040F5B8BB8 /* MainCollectionViewDataSource.swift */,
				4407B1F2E04DB9FEB3F7B09D /* MainCollectionViewDelegate.swift */,
			);
			path = Helpers;
			sourceTree = "<group>";
		};
		6F29FA551F8B790800683E08 = {
			isa = PBXGroup;
			children = (
				6F89E09B201D32D900913D9C /* .travis.yml */,
				6FDD5E421FCB627900DA3B30 /* ETA.sqlite */,
				6F29FA601F8B790800683E08 /* ETA */,
				6F29FA751F8B790900683E08 /* ETATests */,
				6F29FA801F8B790900683E08 /* ETAUITests */,
				6F29FA5F1F8B790800683E08 /* Products */,
				6F7FC1021F8E2FD4000A64DA /* Frameworks */,
			);
			sourceTree = "<group>";
		};
		6F29FA5F1F8B790800683E08 /* Products */ = {
			isa = PBXGroup;
			children = (
				6F29FA5E1F8B790800683E08 /* ETA.app */,
				6F29FA721F8B790900683E08 /* ETATests.xctest */,
				6F29FA7D1F8B790900683E08 /* ETAUITests.xctest */,
			);
			name = Products;
			sourceTree = "<group>";
		};
		6F29FA601F8B790800683E08 /* ETA */ = {
			isa = PBXGroup;
			children = (
				6F18214C1FCC15E3009B18AF /* AppDelegate.swift */,
				6FAAF85E1F8CD3600039F007 /* Other */,
				6FAAF85B1F8CD2F50039F007 /* Model */,
				6FAAF85C1F8CD2FE0039F007 /* View */,
				6FAAF85D1F8CD3060039F007 /* Controller */,
				6F29FA901F8B7AF000683E08 /* Model Controllers */,
				6F29FA8F1F8B7ADF00683E08 /* Extensions */,
				6F29FA6D1F8B790900683E08 /* Info.plist */,
				4407B472E156BB2F94A81209 /* Helpers */,
			);
			path = ETA;
			sourceTree = "<group>";
		};
		6F29FA751F8B790900683E08 /* ETATests */ = {
			isa = PBXGroup;
			children = (
				6F29FA761F8B790900683E08 /* ETATests.swift */,
				6F29FA781F8B790900683E08 /* Info.plist */,
			);
			path = ETATests;
			sourceTree = "<group>";
		};
		6F29FA801F8B790900683E08 /* ETAUITests */ = {
			isa = PBXGroup;
			children = (
				6F29FA811F8B790900683E08 /* ETAUITests.swift */,
				6F29FA831F8B790900683E08 /* Info.plist */,
			);
			path = ETAUITests;
			sourceTree = "<group>";
		};
		6F29FA8F1F8B7ADF00683E08 /* Extensions */ = {
			isa = PBXGroup;
			children = (
				6F60E3611F8F68060065A168 /* Storage.swift */,
				6F57BB131FD0B0A600614F76 /* UIColor+Utilities.swift */,
				6F57BB151FD0C23200614F76 /* UIColor+AppColors.swift */,
				6F46B7EE1FD747A900822D7F /* UIView+Utilites.swift */,
				6FEA6D0A1FDAF9B400F212AB /* UIFont+CustomFonts.swift */,
			);
			path = Extensions;
			sourceTree = "<group>";
		};
		6F29FA901F8B7AF000683E08 /* Model Controllers */ = {
			isa = PBXGroup;
			children = (
				6FDD5E321FCAEC4C00DA3B30 /* CoreDataManager.swift */,
			);
			path = "Model Controllers";
			sourceTree = "<group>";
		};
		6F7FC1021F8E2FD4000A64DA /* Frameworks */ = {
			isa = PBXGroup;
			children = (
				6FE2657C1FE57BDC00DD5F63 /* SnapKit.framework */,
				6FE2657A1FE57BD400DD5F63 /* NotificationBanner.framework */,
				6FE265781FE57BC800DD5F63 /* MarqueeLabelSwift.framework */,
			);
			name = Frameworks;
			sourceTree = "<group>";
		};
		6FAAF85B1F8CD2F50039F007 /* Model */ = {
			isa = PBXGroup;
			children = (
				6FD3E3D81FF5283A00EB844A /* ETA.xcdatamodeld */,
				6FDA0C381FCDB9900000DE56 /* BusNumberViewModel.swift */,
				6F0BF4C21FDC6DAB007DB170 /* BusStopViewModel.swift */,
			);
			path = Model;
			sourceTree = "<group>";
		};
		6FAAF85C1F8CD2FE0039F007 /* View */ = {
			isa = PBXGroup;
			children = (
				6FBBCE9C1F8D7A4600108DAB /* BusNumberCollectionViewCell.swift */,
				6F0BF4C41FDC985B007DB170 /* BusStopCollectionViewCell.swift */,
				6FA435101FDD9332006C4CCE /* BusStopsSectionHeaderReusableView.swift */,
			);
			path = View;
			sourceTree = "<group>";
		};
		6FAAF85D1F8CD3060039F007 /* Controller */ = {
			isa = PBXGroup;
			children = (
				6FBBCE961F8D79E100108DAB /* MainViewController.swift */,
				6FEA6D0C1FDB01A500F212AB /* BusStopsViewController.swift */,
				6F12B7CD1FEE935F0083E316 /* SearchResultsController.swift */,
			);
			path = Controller;
			sourceTree = "<group>";
		};
		6FAAF85E1F8CD3600039F007 /* Other */ = {
			isa = PBXGroup;
			children = (
				6F627AFF1FE5ED100054082A /* Localizable.strings */,
				6FEA6CF11FDAF39700F212AB /* Fonts */,
				6F29FA681F8B790800683E08 /* Assets.xcassets */,
				6FAAF85F1F8CD4D90039F007 /* stops.csv */,
			);
			path = Other;
			sourceTree = "<group>";
		};
		6FEA6CF11FDAF39700F212AB /* Fonts */ = {
			isa = PBXGroup;
			children = (
				6FEA6CF41FDAF3D900F212AB /* Vision-Black italic.otf */,
				6FEA6CFD1FDAF3DF00F212AB /* Vision-Black.otf */,
				6FEA6CFB1FDAF3DE00F212AB /* Vision-Bold.otf */,
				6FEA6CFC1FDAF3DF00F212AB /* Vision-BoldItalic.otf */,
				6FEA6CF81FDAF3DC00F212AB /* Vision-Heavy.otf */,
				6FEA6CF51FDAF3DA00F212AB /* Vision-HeavyItalic.otf */,
				6FEA6CF71FDAF3DB00F212AB /* Vision-Light.otf */,
				6FEA6CF91FDAF3DD00F212AB /* Vision-LightItalic.otf */,
				6FEA6CFA1FDAF3DD00F212AB /* Vision-Regular italic.otf */,
				6FEA6CF21FDAF3D700F212AB /* Vision-Thin italic.otf */,
				6FEA6CF31FDAF3D800F212AB /* Vision-Thin.otf */,
				6FEA6CF61FDAF3DA00F212AB /* Vision.otf */,
			);
			path = Fonts;
			sourceTree = "<group>";
		};
/* End PBXGroup section */

/* Begin PBXNativeTarget section */
		6F29FA5D1F8B790800683E08 /* ETA */ = {
			isa = PBXNativeTarget;
			buildConfigurationList = 6F29FA861F8B790900683E08 /* Build configuration list for PBXNativeTarget "ETA" */;
			buildPhases = (
				6F29FA5A1F8B790800683E08 /* Sources */,
				6F29FA5B1F8B790800683E08 /* Frameworks */,
				6F29FA5C1F8B790800683E08 /* Resources */,
				6F7FC1071F8E2FE3000A64DA /* ShellScript */,
				6FDD5E461FCB670A00DA3B30 /* CopyFiles */,
			);
			buildRules = (
			);
			dependencies = (
			);
			name = ETA;
			productName = ETA;
			productReference = 6F29FA5E1F8B790800683E08 /* ETA.app */;
			productType = "com.apple.product-type.application";
		};
		6F29FA711F8B790900683E08 /* ETATests */ = {
			isa = PBXNativeTarget;
			buildConfigurationList = 6F29FA891F8B790900683E08 /* Build configuration list for PBXNativeTarget "ETATests" */;
			buildPhases = (
				6F29FA6E1F8B790900683E08 /* Sources */,
				6F29FA6F1F8B790900683E08 /* Frameworks */,
				6F29FA701F8B790900683E08 /* Resources */,
			);
			buildRules = (
			);
			dependencies = (
				6F29FA741F8B790900683E08 /* PBXTargetDependency */,
			);
			name = ETATests;
			productName = ETATests;
			productReference = 6F29FA721F8B790900683E08 /* ETATests.xctest */;
			productType = "com.apple.product-type.bundle.unit-test";
		};
		6F29FA7C1F8B790900683E08 /* ETAUITests */ = {
			isa = PBXNativeTarget;
			buildConfigurationList = 6F29FA8C1F8B790900683E08 /* Build configuration list for PBXNativeTarget "ETAUITests" */;
			buildPhases = (
				6F29FA791F8B790900683E08 /* Sources */,
				6F29FA7A1F8B790900683E08 /* Frameworks */,
				6F29FA7B1F8B790900683E08 /* Resources */,
			);
			buildRules = (
			);
			dependencies = (
				6F29FA7F1F8B790900683E08 /* PBXTargetDependency */,
			);
			name = ETAUITests;
			productName = ETAUITests;
			productReference = 6F29FA7D1F8B790900683E08 /* ETAUITests.xctest */;
			productType = "com.apple.product-type.bundle.ui-testing";
		};
/* End PBXNativeTarget section */

/* Begin PBXProject section */
		6F29FA561F8B790800683E08 /* Project object */ = {
			isa = PBXProject;
			attributes = {
				LastSwiftUpdateCheck = 0900;
				LastUpgradeCheck = 0920;
				ORGANIZATIONNAME = "Pedro Remedios";
				TargetAttributes = {
					6F29FA5D1F8B790800683E08 = {
						CreatedOnToolsVersion = 9.0;
						ProvisioningStyle = Automatic;
					};
					6F29FA711F8B790900683E08 = {
						CreatedOnToolsVersion = 9.0;
						ProvisioningStyle = Automatic;
						TestTargetID = 6F29FA5D1F8B790800683E08;
					};
					6F29FA7C1F8B790900683E08 = {
						CreatedOnToolsVersion = 9.0;
						ProvisioningStyle = Automatic;
						TestTargetID = 6F29FA5D1F8B790800683E08;
					};
				};
			};
			buildConfigurationList = 6F29FA591F8B790800683E08 /* Build configuration list for PBXProject "ETA" */;
			compatibilityVersion = "Xcode 8.0";
			developmentRegion = en;
			hasScannedForEncodings = 0;
			knownRegions = (
				en,
				"pt-PT",
				"pt-BR",
			);
			mainGroup = 6F29FA551F8B790800683E08;
			productRefGroup = 6F29FA5F1F8B790800683E08 /* Products */;
			projectDirPath = "";
			projectRoot = "";
			targets = (
				6F29FA5D1F8B790800683E08 /* ETA */,
				6F29FA711F8B790900683E08 /* ETATests */,
				6F29FA7C1F8B790900683E08 /* ETAUITests */,
			);
		};
/* End PBXProject section */

/* Begin PBXResourcesBuildPhase section */
		6F29FA5C1F8B790800683E08 /* Resources */ = {
			isa = PBXResourcesBuildPhase;
			buildActionMask = 2147483647;
			files = (
				6FEA6D051FDAF3E000F212AB /* Vision-LightItalic.otf in Resources */,
				6FEA6D061FDAF3E000F212AB /* Vision-Regular italic.otf in Resources */,
				6FEA6CFF1FDAF3E000F212AB /* Vision-Thin.otf in Resources */,
				6F89E09C201D32DA00913D9C /* .travis.yml in Resources */,
				6FEA6D001FDAF3E000F212AB /* Vision-Black italic.otf in Resources */,
				6FEA6CFE1FDAF3E000F212AB /* Vision-Thin italic.otf in Resources */,
				6FDD5E4A1FCB67DB00DA3B30 /* ETA.sqlite in Resources */,
				6FEA6D041FDAF3E000F212AB /* Vision-Heavy.otf in Resources */,
				6FEA6D081FDAF3E000F212AB /* Vision-BoldItalic.otf in Resources */,
				6FEA6D091FDAF3E000F212AB /* Vision-Black.otf in Resources */,
				6FEA6D021FDAF3E000F212AB /* Vision.otf in Resources */,
				6FEA6D031FDAF3E000F212AB /* Vision-Light.otf in Resources */,
				6FEA6D011FDAF3E000F212AB /* Vision-HeavyItalic.otf in Resources */,
				6FAAF8601F8CD4D90039F007 /* stops.csv in Resources */,
				6F627B011FE5ED110054082A /* Localizable.strings in Resources */,
				6FEA6D071FDAF3E000F212AB /* Vision-Bold.otf in Resources */,
				6F29FA691F8B790800683E08 /* Assets.xcassets in Resources */,
			);
			runOnlyForDeploymentPostprocessing = 0;
		};
		6F29FA701F8B790900683E08 /* Resources */ = {
			isa = PBXResourcesBuildPhase;
			buildActionMask = 2147483647;
			files = (
			);
			runOnlyForDeploymentPostprocessing = 0;
		};
		6F29FA7B1F8B790900683E08 /* Resources */ = {
			isa = PBXResourcesBuildPhase;
			buildActionMask = 2147483647;
			files = (
			);
			runOnlyForDeploymentPostprocessing = 0;
		};
/* End PBXResourcesBuildPhase section */

/* Begin PBXShellScriptBuildPhase section */
		6F7FC1071F8E2FE3000A64DA /* ShellScript */ = {
			isa = PBXShellScriptBuildPhase;
			buildActionMask = 2147483647;
			files = (
			);
			inputPaths = (
				"$(HOME)/Developer/Carthage/Build/iOS/SnapKit.framework",
				"$(HOME)/Developer/Carthage/Build/iOS/NotificationBanner.framework",
				"$(HOME)/Developer/Carthage/Build/iOS/MarqueeLabelSwift.framework",
			);
			outputPaths = (
				"$(BUILT_PRODUCTS_DIR)/$(FRAMEWORKS_FOLDER_PATH)/SnapKit.framework",
				"$(BUILT_PRODUCTS_DIR)/$(FRAMEWORKS_FOLDER_PATH)/NotificationBanner.framework",
				"$(BUILT_PRODUCTS_DIR)/$(FRAMEWORKS_FOLDER_PATH)/MarqueeLabelSwift.framework",
			);
			runOnlyForDeploymentPostprocessing = 0;
			shellPath = /bin/sh;
			shellScript = "/usr/local/bin/carthage copy-frameworks";
		};
/* End PBXShellScriptBuildPhase section */

/* Begin PBXSourcesBuildPhase section */
		6F29FA5A1F8B790800683E08 /* Sources */ = {
			isa = PBXSourcesBuildPhase;
			buildActionMask = 2147483647;
			files = (
				6FA435111FDD9332006C4CCE /* BusStopsSectionHeaderReusableView.swift in Sources */,
				6F57BB161FD0C23200614F76 /* UIColor+AppColors.swift in Sources */,
				6FD3E3DA1FF5283A00EB844A /* ETA.xcdatamodeld in Sources */,
				6FBBCE9D1F8D7A4600108DAB /* BusNumberCollectionViewCell.swift in Sources */,
				6F12B7CE1FEE93600083E316 /* SearchResultsController.swift in Sources */,
				6FEA6D0B1FDAF9B500F212AB /* UIFont+CustomFonts.swift in Sources */,
				6FDA0C391FCDB9910000DE56 /* BusNumberViewModel.swift in Sources */,
				6F60E3621F8F68070065A168 /* Storage.swift in Sources */,
				6F57BB141FD0B0A600614F76 /* UIColor+Utilities.swift in Sources */,
				6F18214D1FCC15E3009B18AF /* AppDelegate.swift in Sources */,
				6F46B7EF1FD747A900822D7F /* UIView+Utilites.swift in Sources */,
				6F0BF4C51FDC985B007DB170 /* BusStopCollectionViewCell.swift in Sources */,
				6FEA6D0D1FDB01A500F212AB /* BusStopsViewController.swift in Sources */,
				6F0BF4C31FDC6DAB007DB170 /* BusStopViewModel.swift in Sources */,
				6FDD5E331FCAEC4C00DA3B30 /* CoreDataManager.swift in Sources */,
				6FBBCE981F8D79E100108DAB /* MainViewController.swift in Sources */,
				4407B52FC5C4189F26CBC6E2 /* MainCollectionViewDataSource.swift in Sources */,
				4407BB999678CA81DE1CB92A /* MainCollectionViewDelegate.swift in Sources */,
			);
			runOnlyForDeploymentPostprocessing = 0;
		};
		6F29FA6E1F8B790900683E08 /* Sources */ = {
			isa = PBXSourcesBuildPhase;
			buildActionMask = 2147483647;
			files = (
				6F29FA771F8B790900683E08 /* ETATests.swift in Sources */,
			);
			runOnlyForDeploymentPostprocessing = 0;
		};
		6F29FA791F8B790900683E08 /* Sources */ = {
			isa = PBXSourcesBuildPhase;
			buildActionMask = 2147483647;
			files = (
				6F29FA821F8B790900683E08 /* ETAUITests.swift in Sources */,
			);
			runOnlyForDeploymentPostprocessing = 0;
		};
/* End PBXSourcesBuildPhase section */

/* Begin PBXTargetDependency section */
		6F29FA741F8B790900683E08 /* PBXTargetDependency */ = {
			isa = PBXTargetDependency;
			target = 6F29FA5D1F8B790800683E08 /* ETA */;
			targetProxy = 6F29FA731F8B790900683E08 /* PBXContainerItemProxy */;
		};
		6F29FA7F1F8B790900683E08 /* PBXTargetDependency */ = {
			isa = PBXTargetDependency;
			target = 6F29FA5D1F8B790800683E08 /* ETA */;
			targetProxy = 6F29FA7E1F8B790900683E08 /* PBXContainerItemProxy */;
		};
/* End PBXTargetDependency section */

/* Begin PBXVariantGroup section */
		6F627AFF1FE5ED100054082A /* Localizable.strings */ = {
			isa = PBXVariantGroup;
			children = (
				6F627B021FE5ED200054082A /* en */,
				6F627B031FE5ED4E0054082A /* pt-PT */,
				6F627B041FE5ED550054082A /* pt-BR */,
			);
			name = Localizable.strings;
			sourceTree = "<group>";
		};
/* End PBXVariantGroup section */

/* Begin XCBuildConfiguration section */
		6F29FA841F8B790900683E08 /* Debug */ = {
			isa = XCBuildConfiguration;
			buildSettings = {
				ALWAYS_SEARCH_USER_PATHS = NO;
				CLANG_ANALYZER_LOCALIZABILITY_NONLOCALIZED = YES;
				CLANG_ANALYZER_NONNULL = YES;
				CLANG_ANALYZER_NUMBER_OBJECT_CONVERSION = YES_AGGRESSIVE;
				CLANG_CXX_LANGUAGE_STANDARD = "gnu++14";
				CLANG_CXX_LIBRARY = "libc++";
				CLANG_ENABLE_MODULES = YES;
				CLANG_ENABLE_OBJC_ARC = YES;
				CLANG_WARN_BLOCK_CAPTURE_AUTORELEASING = YES;
				CLANG_WARN_BOOL_CONVERSION = YES;
				CLANG_WARN_COMMA = YES;
				CLANG_WARN_CONSTANT_CONVERSION = YES;
				CLANG_WARN_DIRECT_OBJC_ISA_USAGE = YES_ERROR;
				CLANG_WARN_DOCUMENTATION_COMMENTS = YES;
				CLANG_WARN_EMPTY_BODY = YES;
				CLANG_WARN_ENUM_CONVERSION = YES;
				CLANG_WARN_INFINITE_RECURSION = YES;
				CLANG_WARN_INT_CONVERSION = YES;
				CLANG_WARN_NON_LITERAL_NULL_CONVERSION = YES;
				CLANG_WARN_OBJC_LITERAL_CONVERSION = YES;
				CLANG_WARN_OBJC_ROOT_CLASS = YES_ERROR;
				CLANG_WARN_RANGE_LOOP_ANALYSIS = YES;
				CLANG_WARN_STRICT_PROTOTYPES = YES;
				CLANG_WARN_SUSPICIOUS_MOVE = YES;
				CLANG_WARN_UNGUARDED_AVAILABILITY = YES_AGGRESSIVE;
				CLANG_WARN_UNREACHABLE_CODE = YES;
				CLANG_WARN__DUPLICATE_METHOD_MATCH = YES;
				CODE_SIGN_IDENTITY = "iPhone Developer";
				COPY_PHASE_STRIP = NO;
				DEBUG_INFORMATION_FORMAT = dwarf;
				ENABLE_STRICT_OBJC_MSGSEND = YES;
				ENABLE_TESTABILITY = YES;
				GCC_C_LANGUAGE_STANDARD = gnu11;
				GCC_DYNAMIC_NO_PIC = NO;
				GCC_NO_COMMON_BLOCKS = YES;
				GCC_OPTIMIZATION_LEVEL = 0;
				GCC_PREPROCESSOR_DEFINITIONS = (
					"DEBUG=1",
					"$(inherited)",
				);
				GCC_WARN_64_TO_32_BIT_CONVERSION = YES;
				GCC_WARN_ABOUT_RETURN_TYPE = YES_ERROR;
				GCC_WARN_UNDECLARED_SELECTOR = YES;
				GCC_WARN_UNINITIALIZED_AUTOS = YES_AGGRESSIVE;
				GCC_WARN_UNUSED_FUNCTION = YES;
				GCC_WARN_UNUSED_VARIABLE = YES;
				IPHONEOS_DEPLOYMENT_TARGET = 10.3;
				MTL_ENABLE_DEBUG_INFO = YES;
				ONLY_ACTIVE_ARCH = YES;
				SDKROOT = iphoneos;
				SWIFT_ACTIVE_COMPILATION_CONDITIONS = DEBUG;
				SWIFT_OPTIMIZATION_LEVEL = "-Onone";
			};
			name = Debug;
		};
		6F29FA851F8B790900683E08 /* Release */ = {
			isa = XCBuildConfiguration;
			buildSettings = {
				ALWAYS_SEARCH_USER_PATHS = NO;
				CLANG_ANALYZER_LOCALIZABILITY_NONLOCALIZED = YES;
				CLANG_ANALYZER_NONNULL = YES;
				CLANG_ANALYZER_NUMBER_OBJECT_CONVERSION = YES_AGGRESSIVE;
				CLANG_CXX_LANGUAGE_STANDARD = "gnu++14";
				CLANG_CXX_LIBRARY = "libc++";
				CLANG_ENABLE_MODULES = YES;
				CLANG_ENABLE_OBJC_ARC = YES;
				CLANG_WARN_BLOCK_CAPTURE_AUTORELEASING = YES;
				CLANG_WARN_BOOL_CONVERSION = YES;
				CLANG_WARN_COMMA = YES;
				CLANG_WARN_CONSTANT_CONVERSION = YES;
				CLANG_WARN_DIRECT_OBJC_ISA_USAGE = YES_ERROR;
				CLANG_WARN_DOCUMENTATION_COMMENTS = YES;
				CLANG_WARN_EMPTY_BODY = YES;
				CLANG_WARN_ENUM_CONVERSION = YES;
				CLANG_WARN_INFINITE_RECURSION = YES;
				CLANG_WARN_INT_CONVERSION = YES;
				CLANG_WARN_NON_LITERAL_NULL_CONVERSION = YES;
				CLANG_WARN_OBJC_LITERAL_CONVERSION = YES;
				CLANG_WARN_OBJC_ROOT_CLASS = YES_ERROR;
				CLANG_WARN_RANGE_LOOP_ANALYSIS = YES;
				CLANG_WARN_STRICT_PROTOTYPES = YES;
				CLANG_WARN_SUSPICIOUS_MOVE = YES;
				CLANG_WARN_UNGUARDED_AVAILABILITY = YES_AGGRESSIVE;
				CLANG_WARN_UNREACHABLE_CODE = YES;
				CLANG_WARN__DUPLICATE_METHOD_MATCH = YES;
				CODE_SIGN_IDENTITY = "iPhone Developer";
				COPY_PHASE_STRIP = NO;
				DEBUG_INFORMATION_FORMAT = "dwarf-with-dsym";
				ENABLE_NS_ASSERTIONS = NO;
				ENABLE_STRICT_OBJC_MSGSEND = YES;
				GCC_C_LANGUAGE_STANDARD = gnu11;
				GCC_NO_COMMON_BLOCKS = YES;
				GCC_WARN_64_TO_32_BIT_CONVERSION = YES;
				GCC_WARN_ABOUT_RETURN_TYPE = YES_ERROR;
				GCC_WARN_UNDECLARED_SELECTOR = YES;
				GCC_WARN_UNINITIALIZED_AUTOS = YES_AGGRESSIVE;
				GCC_WARN_UNUSED_FUNCTION = YES;
				GCC_WARN_UNUSED_VARIABLE = YES;
				IPHONEOS_DEPLOYMENT_TARGET = 10.3;
				MTL_ENABLE_DEBUG_INFO = NO;
				SDKROOT = iphoneos;
				SWIFT_OPTIMIZATION_LEVEL = "-Owholemodule";
				VALIDATE_PRODUCT = YES;
			};
			name = Release;
		};
		6F29FA871F8B790900683E08 /* Debug */ = {
			isa = XCBuildConfiguration;
			buildSettings = {
				ASSETCATALOG_COMPILER_APPICON_NAME = AppIcon;
				ASSETCATALOG_COMPILER_LAUNCHIMAGE_NAME = LaunchImage;
				CODE_SIGN_STYLE = Automatic;
				DEVELOPMENT_TEAM = N2NF9KW4Q2;
				FRAMEWORK_SEARCH_PATHS = (
					"$(inherited)",
					"$(HOME)/Developer/Carthage/Build/iOS",
				);
				INFOPLIST_FILE = ETA/Info.plist;
				IPHONEOS_DEPLOYMENT_TARGET = 10.3;
				LD_RUNPATH_SEARCH_PATHS = "$(inherited) @executable_path/Frameworks";
				PRODUCT_BUNDLE_IDENTIFIER = com.PedroRemedios.ETA;
				PRODUCT_NAME = "$(TARGET_NAME)";
				SWIFT_VERSION = 4.0;
				TARGETED_DEVICE_FAMILY = 1;
			};
			name = Debug;
		};
		6F29FA881F8B790900683E08 /* Release */ = {
			isa = XCBuildConfiguration;
			buildSettings = {
				ASSETCATALOG_COMPILER_APPICON_NAME = AppIcon;
				ASSETCATALOG_COMPILER_LAUNCHIMAGE_NAME = LaunchImage;
				CODE_SIGN_STYLE = Automatic;
				DEVELOPMENT_TEAM = N2NF9KW4Q2;
				FRAMEWORK_SEARCH_PATHS = (
					"$(inherited)",
					"$(HOME)/Developer/Carthage/Build/iOS",
				);
				INFOPLIST_FILE = ETA/Info.plist;
				IPHONEOS_DEPLOYMENT_TARGET = 10.3;
				LD_RUNPATH_SEARCH_PATHS = "$(inherited) @executable_path/Frameworks";
				PRODUCT_BUNDLE_IDENTIFIER = com.PedroRemedios.ETA;
				PRODUCT_NAME = "$(TARGET_NAME)";
				SWIFT_VERSION = 4.0;
				TARGETED_DEVICE_FAMILY = 1;
			};
			name = Release;
		};
		6F29FA8A1F8B790900683E08 /* Debug */ = {
			isa = XCBuildConfiguration;
			buildSettings = {
				ALWAYS_EMBED_SWIFT_STANDARD_LIBRARIES = YES;
				BUNDLE_LOADER = "$(TEST_HOST)";
				CODE_SIGN_STYLE = Automatic;
				DEVELOPMENT_TEAM = N2NF9KW4Q2;
				INFOPLIST_FILE = ETATests/Info.plist;
				LD_RUNPATH_SEARCH_PATHS = "$(inherited) @executable_path/Frameworks @loader_path/Frameworks";
				PRODUCT_BUNDLE_IDENTIFIER = com.pedroremedios.ETATests;
				PRODUCT_NAME = "$(TARGET_NAME)";
				SDKROOT = iphoneos;
				SWIFT_VERSION = 4.0;
				TARGETED_DEVICE_FAMILY = "1,2";
				TEST_HOST = "$(BUILT_PRODUCTS_DIR)/ETA.app/ETA";
			};
			name = Debug;
		};
		6F29FA8B1F8B790900683E08 /* Release */ = {
			isa = XCBuildConfiguration;
			buildSettings = {
				ALWAYS_EMBED_SWIFT_STANDARD_LIBRARIES = YES;
				BUNDLE_LOADER = "$(TEST_HOST)";
				CODE_SIGN_STYLE = Automatic;
				DEVELOPMENT_TEAM = N2NF9KW4Q2;
				INFOPLIST_FILE = ETATests/Info.plist;
				LD_RUNPATH_SEARCH_PATHS = "$(inherited) @executable_path/Frameworks @loader_path/Frameworks";
				PRODUCT_BUNDLE_IDENTIFIER = com.pedroremedios.ETATests;
				PRODUCT_NAME = "$(TARGET_NAME)";
				SDKROOT = iphoneos;
				SWIFT_VERSION = 4.0;
				TARGETED_DEVICE_FAMILY = "1,2";
				TEST_HOST = "$(BUILT_PRODUCTS_DIR)/ETA.app/ETA";
			};
			name = Release;
		};
		6F29FA8D1F8B790900683E08 /* Debug */ = {
			isa = XCBuildConfiguration;
			buildSettings = {
				ALWAYS_EMBED_SWIFT_STANDARD_LIBRARIES = YES;
				CODE_SIGN_STYLE = Automatic;
				DEVELOPMENT_TEAM = N2NF9KW4Q2;
				INFOPLIST_FILE = ETAUITests/Info.plist;
				LD_RUNPATH_SEARCH_PATHS = "$(inherited) @executable_path/Frameworks @loader_path/Frameworks";
				PRODUCT_BUNDLE_IDENTIFIER = com.pedroremedios.ETAUITests;
				PRODUCT_NAME = "$(TARGET_NAME)";
				SDKROOT = iphoneos;
				SWIFT_VERSION = 4.0;
				TARGETED_DEVICE_FAMILY = "1,2";
				TEST_TARGET_NAME = ETA;
			};
			name = Debug;
		};
		6F29FA8E1F8B790900683E08 /* Release */ = {
			isa = XCBuildConfiguration;
			buildSettings = {
				ALWAYS_EMBED_SWIFT_STANDARD_LIBRARIES = YES;
				CODE_SIGN_STYLE = Automatic;
				DEVELOPMENT_TEAM = N2NF9KW4Q2;
				INFOPLIST_FILE = ETAUITests/Info.plist;
				LD_RUNPATH_SEARCH_PATHS = "$(inherited) @executable_path/Frameworks @loader_path/Frameworks";
				PRODUCT_BUNDLE_IDENTIFIER = com.pedroremedios.ETAUITests;
				PRODUCT_NAME = "$(TARGET_NAME)";
				SDKROOT = iphoneos;
				SWIFT_VERSION = 4.0;
				TARGETED_DEVICE_FAMILY = "1,2";
				TEST_TARGET_NAME = ETA;
			};
			name = Release;
		};
/* End XCBuildConfiguration section */

/* Begin XCConfigurationList section */
		6F29FA591F8B790800683E08 /* Build configuration list for PBXProject "ETA" */ = {
			isa = XCConfigurationList;
			buildConfigurations = (
				6F29FA841F8B790900683E08 /* Debug */,
				6F29FA851F8B790900683E08 /* Release */,
			);
			defaultConfigurationIsVisible = 0;
			defaultConfigurationName = Release;
		};
		6F29FA861F8B790900683E08 /* Build configuration list for PBXNativeTarget "ETA" */ = {
			isa = XCConfigurationList;
			buildConfigurations = (
				6F29FA871F8B790900683E08 /* Debug */,
				6F29FA881F8B790900683E08 /* Release */,
			);
			defaultConfigurationIsVisible = 0;
			defaultConfigurationName = Release;
		};
		6F29FA891F8B790900683E08 /* Build configuration list for PBXNativeTarget "ETATests" */ = {
			isa = XCConfigurationList;
			buildConfigurations = (
				6F29FA8A1F8B790900683E08 /* Debug */,
				6F29FA8B1F8B790900683E08 /* Release */,
			);
			defaultConfigurationIsVisible = 0;
			defaultConfigurationName = Release;
		};
		6F29FA8C1F8B790900683E08 /* Build configuration list for PBXNativeTarget "ETAUITests" */ = {
			isa = XCConfigurationList;
			buildConfigurations = (
				6F29FA8D1F8B790900683E08 /* Debug */,
				6F29FA8E1F8B790900683E08 /* Release */,
			);
			defaultConfigurationIsVisible = 0;
			defaultConfigurationName = Release;
		};
/* End XCConfigurationList section */

/* Begin XCVersionGroup section */
		6FD3E3D81FF5283A00EB844A /* ETA.xcdatamodeld */ = {
			isa = XCVersionGroup;
			children = (
				6FD3E3D91FF5283A00EB844A /* ETA.xcdatamodel */,
			);
			currentVersion = 6FD3E3D91FF5283A00EB844A /* ETA.xcdatamodel */;
			path = ETA.xcdatamodeld;
			sourceTree = "<group>";
			versionGroupType = wrapper.xcdatamodel;
		};
/* End XCVersionGroup section */
	};
	rootObject = 6F29FA561F8B790800683E08 /* Project object */;
}
